
Microsoft Visual Studio Solution File, Format Version 12.00
# Visual Studio Version 17
VisualStudioVersion = 17.5.002.0
MinimumVisualStudioVersion = 10.0.40219.1
Project("{2150E333-8FDC-42A3-9474-1A3956D46DE8}") = "csharp-prep", "csharp-prep", "{76130850-E6C7-494C-8BB2-552A3A9FDB56}"
EndProject
Project("{9A19103F-16F7-4668-BE54-9A1E7A4F7556}") = "Prep1", "csharp-prep\Prep1\Prep1.csproj", "{8A29C2AE-69D2-40AF-A5EE-C19FF1B812AE}"
EndProject
Project("{9A19103F-16F7-4668-BE54-9A1E7A4F7556}") = "Prep2", "csharp-prep\Prep2\Prep2.csproj", "{FA383869-A0D2-4405-9812-AA229D722B93}"
EndProject
Project("{9A19103F-16F7-4668-BE54-9A1E7A4F7556}") = "Prep3", "csharp-prep\Prep3\Prep3.csproj", "{2D5C5F8B-4215-40CF-B298-F61AA8A18C3A}"
EndProject
Project("{9A19103F-16F7-4668-BE54-9A1E7A4F7556}") = "Prep4", "csharp-prep\Prep4\Prep4.csproj", "{ED4A0E68-5ABE-4F18-9ADF-377FB62D1FD6}"
EndProject
Project("{9A19103F-16F7-4668-BE54-9A1E7A4F7556}") = "Prep5", "csharp-prep\Prep5\Prep5.csproj", "{44E9C9AB-CBE3-4B08-9E65-749B798378C2}"
EndProject
Project("{2150E333-8FDC-42A3-9474-1A3956D46DE8}") = "final", "final", "{DF8D620C-268E-435B-B6A8-B6FC86CFFD50}"
EndProject
Project("{9A19103F-16F7-4668-BE54-9A1E7A4F7556}") = "FinalProject", "final\FinalProject\FinalProject.csproj", "{093F16DE-7AD6-477C-834F-68159D94FBF4}"
EndProject
Project("{9A19103F-16F7-4668-BE54-9A1E7A4F7556}") = "Foundation1", "final\Foundation1\Foundation1.csproj", "{E81D0C4A-AF9F-4B94-BAB6-FB04351BC174}"
EndProject
Project("{9A19103F-16F7-4668-BE54-9A1E7A4F7556}") = "Foundation2", "final\Foundation2\Foundation2.csproj", "{9C9C83CA-FB01-4859-9A6B-C0FFB9EAD165}"
EndProject
Project("{9A19103F-16F7-4668-BE54-9A1E7A4F7556}") = "Foundation3", "final\Foundation3\Foundation3.csproj", "{3E3F2BE0-BBAB-4874-9919-91F33855C5CE}"
EndProject
Project("{9A19103F-16F7-4668-BE54-9A1E7A4F7556}") = "Foundation4", "final\Foundation4\Foundation4.csproj", "{D713498D-1C79-49D0-AC35-74117AB114BD}"
EndProject
Project("{2150E333-8FDC-42A3-9474-1A3956D46DE8}") = "prepare", "prepare", "{24454588-3FCD-48BC-A4BA-CEDA08E50B31}"
EndProject
Project("{9A19103F-16F7-4668-BE54-9A1E7A4F7556}") = "Learning02", "prepare\Learning02\Learning02.csproj", "{DF2B1884-D3FB-4CCF-8280-AAB2FE7D2A5F}"
EndProject
Project("{9A19103F-16F7-4668-BE54-9A1E7A4F7556}") = "Learning03", "prepare\Learning03\Learning03.csproj", "{CA39663A-8870-4820-9E2D-98E6026B33C8}"
EndProject
Project("{9A19103F-16F7-4668-BE54-9A1E7A4F7556}") = "Learning04", "prepare\Learning04\Learning04.csproj", "{7A787941-0A57-488C-8192-AE638C62187E}"
EndProject
Project("{9A19103F-16F7-4668-BE54-9A1E7A4F7556}") = "Learning05", "prepare\Learning05\Learning05.csproj", "{3776D0E3-E5B8-45F3-8E80-B232F14911E2}"
EndProject
Project("{2150E333-8FDC-42A3-9474-1A3956D46DE8}") = "prove", "prove", "{AD1A2FDF-4704-4D14-B731-C0278F69BA4E}"
EndProject
Project("{9A19103F-16F7-4668-BE54-9A1E7A4F7556}") = "Develop02", "prove\Develop02\Develop02.csproj", "{018C8662-3B1D-4857-BEF9-A599DBEB82B1}"
EndProject
Project("{9A19103F-16F7-4668-BE54-9A1E7A4F7556}") = "Develop03", "prove\Develop03\Develop03.csproj", "{D18794F9-A456-4674-AFE2-1E8C37FF624F}"
EndProject
Project("{9A19103F-16F7-4668-BE54-9A1E7A4F7556}") = "Develop04", "prove\Develop04\Develop04.csproj", "{8F3FE1C9-CA93-4973-AF39-9504524B6F49}"
EndProject
Project("{9A19103F-16F7-4668-BE54-9A1E7A4F7556}") = "Develop05", "prove\Develop05\Develop05.csproj", "{893C624E-C9C3-46A8-B1FF-03729F134FB3}"
EndProject
Project("{2150E333-8FDC-42A3-9474-1A3956D46DE8}") = "sandbox", "sandbox", "{7DB7EF07-8F55-47FE-B0A3-029DCDFED718}"
EndProject
Project("{9A19103F-16F7-4668-BE54-9A1E7A4F7556}") = "Sandbox", "sandbox\Sandbox\Sandbox.csproj", "{419DCD6D-B850-4382-8349-DECE8F2FFD43}"
EndProject
Global
	GlobalSection(SolutionConfigurationPlatforms) = preSolution
		Debug|Any CPU = Debug|Any CPU
		Release|Any CPU = Release|Any CPU
	EndGlobalSection
	GlobalSection(ProjectConfigurationPlatforms) = postSolution
		{8A29C2AE-69D2-40AF-A5EE-C19FF1B812AE}.Debug|Any CPU.ActiveCfg = Debug|Any CPU
		{8A29C2AE-69D2-40AF-A5EE-C19FF1B812AE}.Debug|Any CPU.Build.0 = Debug|Any CPU
		{8A29C2AE-69D2-40AF-A5EE-C19FF1B812AE}.Release|Any CPU.ActiveCfg = Release|Any CPU
		{8A29C2AE-69D2-40AF-A5EE-C19FF1B812AE}.Release|Any CPU.Build.0 = Release|Any CPU
		{FA383869-A0D2-4405-9812-AA229D722B93}.Debug|Any CPU.ActiveCfg = Debug|Any CPU
		{FA383869-A0D2-4405-9812-AA229D722B93}.Debug|Any CPU.Build.0 = Debug|Any CPU
		{FA383869-A0D2-4405-9812-AA229D722B93}.Release|Any CPU.ActiveCfg = Release|Any CPU
		{FA383869-A0D2-4405-9812-AA229D722B93}.Release|Any CPU.Build.0 = Release|Any CPU
		{2D5C5F8B-4215-40CF-B298-F61AA8A18C3A}.Debug|Any CPU.ActiveCfg = Debug|Any CPU
		{2D5C5F8B-4215-40CF-B298-F61AA8A18C3A}.Debug|Any CPU.Build.0 = Debug|Any CPU
		{2D5C5F8B-4215-40CF-B298-F61AA8A18C3A}.Release|Any CPU.ActiveCfg = Release|Any CPU
		{2D5C5F8B-4215-40CF-B298-F61AA8A18C3A}.Release|Any CPU.Build.0 = Release|Any CPU
		{ED4A0E68-5ABE-4F18-9ADF-377FB62D1FD6}.Debug|Any CPU.ActiveCfg = Debug|Any CPU
		{ED4A0E68-5ABE-4F18-9ADF-377FB62D1FD6}.Debug|Any CPU.Build.0 = Debug|Any CPU
		{ED4A0E68-5ABE-4F18-9ADF-377FB62D1FD6}.Release|Any CPU.ActiveCfg = Release|Any CPU
		{ED4A0E68-5ABE-4F18-9ADF-377FB62D1FD6}.Release|Any CPU.Build.0 = Release|Any CPU
		{44E9C9AB-CBE3-4B08-9E65-749B798378C2}.Debug|Any CPU.ActiveCfg = Debug|Any CPU
		{44E9C9AB-CBE3-4B08-9E65-749B798378C2}.Debug|Any CPU.Build.0 = Debug|Any CPU
		{44E9C9AB-CBE3-4B08-9E65-749B798378C2}.Release|Any CPU.ActiveCfg = Release|Any CPU
		{44E9C9AB-CBE3-4B08-9E65-749B798378C2}.Release|Any CPU.Build.0 = Release|Any CPU
		{093F16DE-7AD6-477C-834F-68159D94FBF4}.Debug|Any CPU.ActiveCfg = Debug|Any CPU
		{093F16DE-7AD6-477C-834F-68159D94FBF4}.Debug|Any CPU.Build.0 = Debug|Any CPU
		{093F16DE-7AD6-477C-834F-68159D94FBF4}.Release|Any CPU.ActiveCfg = Release|Any CPU
		{093F16DE-7AD6-477C-834F-68159D94FBF4}.Release|Any CPU.Build.0 = Release|Any CPU
		{E81D0C4A-AF9F-4B94-BAB6-FB04351BC174}.Debug|Any CPU.ActiveCfg = Debug|Any CPU
		{E81D0C4A-AF9F-4B94-BAB6-FB04351BC174}.Debug|Any CPU.Build.0 = Debug|Any CPU
		{E81D0C4A-AF9F-4B94-BAB6-FB04351BC174}.Release|Any CPU.ActiveCfg = Release|Any CPU
		{E81D0C4A-AF9F-4B94-BAB6-FB04351BC174}.Release|Any CPU.Build.0 = Release|Any CPU
		{9C9C83CA-FB01-4859-9A6B-C0FFB9EAD165}.Debug|Any CPU.ActiveCfg = Debug|Any CPU
		{9C9C83CA-FB01-4859-9A6B-C0FFB9EAD165}.Debug|Any CPU.Build.0 = Debug|Any CPU
		{9C9C83CA-FB01-4859-9A6B-C0FFB9EAD165}.Release|Any CPU.ActiveCfg = Release|Any CPU
		{9C9C83CA-FB01-4859-9A6B-C0FFB9EAD165}.Release|Any CPU.Build.0 = Release|Any CPU
		{3E3F2BE0-BBAB-4874-9919-91F33855C5CE}.Debug|Any CPU.ActiveCfg = Debug|Any CPU
		{3E3F2BE0-BBAB-4874-9919-91F33855C5CE}.Debug|Any CPU.Build.0 = Debug|Any CPU
		{3E3F2BE0-BBAB-4874-9919-91F33855C5CE}.Release|Any CPU.ActiveCfg = Release|Any CPU
		{3E3F2BE0-BBAB-4874-9919-91F33855C5CE}.Release|Any CPU.Build.0 = Release|Any CPU
		{D713498D-1C79-49D0-AC35-74117AB114BD}.Debug|Any CPU.ActiveCfg = Debug|Any CPU
		{D713498D-1C79-49D0-AC35-74117AB114BD}.Debug|Any CPU.Build.0 = Debug|Any CPU
		{D713498D-1C79-49D0-AC35-74117AB114BD}.Release|Any CPU.ActiveCfg = Release|Any CPU
		{D713498D-1C79-49D0-AC35-74117AB114BD}.Release|Any CPU.Build.0 = Release|Any CPU
		{DF2B1884-D3FB-4CCF-8280-AAB2FE7D2A5F}.Debug|Any CPU.ActiveCfg = Debug|Any CPU
		{DF2B1884-D3FB-4CCF-8280-AAB2FE7D2A5F}.Debug|Any CPU.Build.0 = Debug|Any CPU
		{DF2B1884-D3FB-4CCF-8280-AAB2FE7D2A5F}.Release|Any CPU.ActiveCfg = Release|Any CPU
		{DF2B1884-D3FB-4CCF-8280-AAB2FE7D2A5F}.Release|Any CPU.Build.0 = Release|Any CPU
		{CA39663A-8870-4820-9E2D-98E6026B33C8}.Debug|Any CPU.ActiveCfg = Debug|Any CPU
		{CA39663A-8870-4820-9E2D-98E6026B33C8}.Debug|Any CPU.Build.0 = Debug|Any CPU
		{CA39663A-8870-4820-9E2D-98E6026B33C8}.Release|Any CPU.ActiveCfg = Release|Any CPU
		{CA39663A-8870-4820-9E2D-98E6026B33C8}.Release|Any CPU.Build.0 = Release|Any CPU
		{7A787941-0A57-488C-8192-AE638C62187E}.Debug|Any CPU.ActiveCfg = Debug|Any CPU
		{7A787941-0A57-488C-8192-AE638C62187E}.Debug|Any CPU.Build.0 = Debug|Any CPU
		{7A787941-0A57-488C-8192-AE638C62187E}.Release|Any CPU.ActiveCfg = Release|Any CPU
		{7A787941-0A57-488C-8192-AE638C62187E}.Release|Any CPU.Build.0 = Release|Any CPU
		{3776D0E3-E5B8-45F3-8E80-B232F14911E2}.Debug|Any CPU.ActiveCfg = Debug|Any CPU
		{3776D0E3-E5B8-45F3-8E80-B232F14911E2}.Debug|Any CPU.Build.0 = Debug|Any CPU
		{3776D0E3-E5B8-45F3-8E80-B232F14911E2}.Release|Any CPU.ActiveCfg = Release|Any CPU
		{3776D0E3-E5B8-45F3-8E80-B232F14911E2}.Release|Any CPU.Build.0 = Release|Any CPU
		{018C8662-3B1D-4857-BEF9-A599DBEB82B1}.Debug|Any CPU.ActiveCfg = Debug|Any CPU
		{018C8662-3B1D-4857-BEF9-A599DBEB82B1}.Debug|Any CPU.Build.0 = Debug|Any CPU
		{018C8662-3B1D-4857-BEF9-A599DBEB82B1}.Release|Any CPU.ActiveCfg = Release|Any CPU
		{018C8662-3B1D-4857-BEF9-A599DBEB82B1}.Release|Any CPU.Build.0 = Release|Any CPU
		{D18794F9-A456-4674-AFE2-1E8C37FF624F}.Debug|Any CPU.ActiveCfg = Debug|Any CPU
		{D18794F9-A456-4674-AFE2-1E8C37FF624F}.Debug|Any CPU.Build.0 = Debug|Any CPU
		{D18794F9-A456-4674-AFE2-1E8C37FF624F}.Release|Any CPU.ActiveCfg = Release|Any CPU
		{D18794F9-A456-4674-AFE2-1E8C37FF624F}.Release|Any CPU.Build.0 = Release|Any CPU
		{8F3FE1C9-CA93-4973-AF39-9504524B6F49}.Debug|Any CPU.ActiveCfg = Debug|Any CPU
		{8F3FE1C9-CA93-4973-AF39-9504524B6F49}.Debug|Any CPU.Build.0 = Debug|Any CPU
		{8F3FE1C9-CA93-4973-AF39-9504524B6F49}.Release|Any CPU.ActiveCfg = Release|Any CPU
		{8F3FE1C9-CA93-4973-AF39-9504524B6F49}.Release|Any CPU.Build.0 = Release|Any CPU
		{893C624E-C9C3-46A8-B1FF-03729F134FB3}.Debug|Any CPU.ActiveCfg = Debug|Any CPU
		{893C624E-C9C3-46A8-B1FF-03729F134FB3}.Debug|Any CPU.Build.0 = Debug|Any CPU
		{893C624E-C9C3-46A8-B1FF-03729F134FB3}.Release|Any CPU.ActiveCfg = Release|Any CPU
		{893C624E-C9C3-46A8-B1FF-03729F134FB3}.Release|Any CPU.Build.0 = Release|Any CPU
		{419DCD6D-B850-4382-8349-DECE8F2FFD43}.Debug|Any CPU.ActiveCfg = Debug|Any CPU
		{419DCD6D-B850-4382-8349-DECE8F2FFD43}.Debug|Any CPU.Build.0 = Debug|Any CPU
		{419DCD6D-B850-4382-8349-DECE8F2FFD43}.Release|Any CPU.ActiveCfg = Release|Any CPU
		{419DCD6D-B850-4382-8349-DECE8F2FFD43}.Release|Any CPU.Build.0 = Release|Any CPU
	EndGlobalSection
	GlobalSection(SolutionProperties) = preSolution
		HideSolutionNode = FALSE
	EndGlobalSection
	GlobalSection(NestedProjects) = preSolution
		{8A29C2AE-69D2-40AF-A5EE-C19FF1B812AE} = {76130850-E6C7-494C-8BB2-552A3A9FDB56}
		{FA383869-A0D2-4405-9812-AA229D722B93} = {76130850-E6C7-494C-8BB2-552A3A9FDB56}
		{2D5C5F8B-4215-40CF-B298-F61AA8A18C3A} = {76130850-E6C7-494C-8BB2-552A3A9FDB56}
		{ED4A0E68-5ABE-4F18-9ADF-377FB62D1FD6} = {76130850-E6C7-494C-8BB2-552A3A9FDB56}
		{44E9C9AB-CBE3-4B08-9E65-749B798378C2} = {76130850-E6C7-494C-8BB2-552A3A9FDB56}
		{093F16DE-7AD6-477C-834F-68159D94FBF4} = {DF8D620C-268E-435B-B6A8-B6FC86CFFD50}
		{E81D0C4A-AF9F-4B94-BAB6-FB04351BC174} = {DF8D620C-268E-435B-B6A8-B6FC86CFFD50}
		{9C9C83CA-FB01-4859-9A6B-C0FFB9EAD165} = {DF8D620C-268E-435B-B6A8-B6FC86CFFD50}
		{3E3F2BE0-BBAB-4874-9919-91F33855C5CE} = {DF8D620C-268E-435B-B6A8-B6FC86CFFD50}
		{D713498D-1C79-49D0-AC35-74117AB114BD} = {DF8D620C-268E-435B-B6A8-B6FC86CFFD50}
		{DF2B1884-D3FB-4CCF-8280-AAB2FE7D2A5F} = {24454588-3FCD-48BC-A4BA-CEDA08E50B31}
		{CA39663A-8870-4820-9E2D-98E6026B33C8} = {24454588-3FCD-48BC-A4BA-CEDA08E50B31}
		{7A787941-0A57-488C-8192-AE638C62187E} = {24454588-3FCD-48BC-A4BA-CEDA08E50B31}
		{3776D0E3-E5B8-45F3-8E80-B232F14911E2} = {24454588-3FCD-48BC-A4BA-CEDA08E50B31}
		{018C8662-3B1D-4857-BEF9-A599DBEB82B1} = {AD1A2FDF-4704-4D14-B731-C0278F69BA4E}
		{D18794F9-A456-4674-AFE2-1E8C37FF624F} = {AD1A2FDF-4704-4D14-B731-C0278F69BA4E}
		{8F3FE1C9-CA93-4973-AF39-9504524B6F49} = {AD1A2FDF-4704-4D14-B731-C0278F69BA4E}
		{893C624E-C9C3-46A8-B1FF-03729F134FB3} = {AD1A2FDF-4704-4D14-B731-C0278F69BA4E}
		{419DCD6D-B850-4382-8349-DECE8F2FFD43} = {7DB7EF07-8F55-47FE-B0A3-029DCDFED718}
	EndGlobalSection
	GlobalSection(ExtensibilityGlobals) = postSolution
		SolutionGuid = {965F2FD1-08E3-49FF-A68A-B83E9FB6C3E2}
	EndGlobalSection
EndGlobal
